PODS:
  - Alamofire (4.7.3)
  - GradientCircularProgress (3.10.1)
  - Keys (1.0.1)
  - PromiseKit (6.5.3):
    - PromiseKit/CorePromise (= 6.5.3)
    - PromiseKit/Foundation (= 6.5.3)
    - PromiseKit/UIKit (= 6.5.3)
  - PromiseKit/CorePromise (6.5.3)
  - PromiseKit/Foundation (6.5.3):
    - PromiseKit/CorePromise
  - PromiseKit/UIKit (6.5.3):
    - PromiseKit/CorePromise
  - R.swift (4.0.0):
    - R.swift.Library (~> 4.0.0)
  - R.swift.Library (4.0.0)
  - RxCocoa (4.1.2):
    - RxSwift (~> 4.0)
  - RxSwift (4.1.2)
  - XLPagerTabStrip (8.1.0)

DEPENDENCIES:
  - Alamofire
  - GradientCircularProgress (from `https://github.com/keygx/GradientCircularProgress`)
  - Keys (from `Pods/CocoaPodsKeys`)
  - PromiseKit
  - R.swift
  - RxCocoa (~> 4.1.1)
  - RxSwift (~> 4.1.1)
  - XLPagerTabStrip

SPEC REPOS:
  https://github.com/cocoapods/specs.git:
    - Alamofire
    - PromiseKit
    - R.swift
    - R.swift.Library
    - RxCocoa
    - RxSwift
    - XLPagerTabStrip

EXTERNAL SOURCES:
  GradientCircularProgress:
    :git: https://github.com/keygx/GradientCircularProgress
  Keys:
    :path: Pods/CocoaPodsKeys

CHECKOUT OPTIONS:
  GradientCircularProgress:
    :commit: 29abd46666f370255ae859717e82f907acf21cb4
    :git: https://github.com/keygx/GradientCircularProgress

SPEC CHECKSUMS:
  Alamofire: c7287b6e5d7da964a70935e5db17046b7fde6568
  GradientCircularProgress: 7f3638d14b34b8181888d3a96e6bc045b6c0c184
  Keys: a576f4c9c1c641ca913a959a9c62ed3f215a8de9
  PromiseKit: c609029bdd801f792551a504c695c7d3098b42cd
  R.swift: d6a5ec2f55a8441dc0ed9f1f8b37d7d11ae85c66
  R.swift.Library: c3af34921024333546e23b70e70d0b4e0cffca75
  RxCocoa: d88ba0f1f6abf040011a9eb4b539324fc426843a
  RxSwift: e49536837d9901277638493ea537394d4b55f570
  XLPagerTabStrip: 22d4c58200d7c105e0e407ab6bfd01a5d85014be

PODFILE CHECKSUM: 849af8a4a107445a401ad423def6353da925e8b9

COCOAPODS: 1.5.3
